
Microsoft Visual Studio Solution File, Format Version 12.00
# Visual Studio Version 17
VisualStudioVersion = 17.8.34525.116
MinimumVisualStudioVersion = 10.0.40219.1
Project("{FAE04EC0-301F-11D3-BF4B-00C04F79EFBC}") = "ConsoleApp1", "ConsoleApp1.csproj", "{0601AB0A-78CE-4F24-B96F-CBF4C635A435}"
EndProject
Global
	GlobalSection(SolutionConfigurationPlatforms) = preSolution
		Debug|Any CPU = Debug|Any CPU
		Release|Any CPU = Release|Any CPU
	EndGlobalSection
	GlobalSection(ProjectConfigurationPlatforms) = postSolution
		{0601AB0A-78CE-4F24-B96F-CBF4C635A435}.Debug|Any CPU.ActiveCfg = Debug|Any CPU
		{0601AB0A-78CE-4F24-B96F-CBF4C635A435}.Debug|Any CPU.Build.0 = Debug|Any CPU
		{0601AB0A-78CE-4F24-B96F-CBF4C635A435}.Release|Any CPU.ActiveCfg = Release|Any CPU
		{0601AB0A-78CE-4F24-B96F-CBF4C635A435}.Release|Any CPU.Build.0 = Release|Any CPU
	EndGlobalSection
	GlobalSection(SolutionProperties) = preSolution
		HideSolutionNode = FALSE
	EndGlobalSection
	GlobalSection(ExtensibilityGlobals) = postSolution
		SolutionGuid = {883A49B0-44D2-401C-B6C5-5E86BFE789F6}
	EndGlobalSection
EndGlobal
